
Microsoft Visual Studio Solution File, Format Version 12.00
# Visual Studio Version 17
VisualStudioVersion = 17.6.33815.320
MinimumVisualStudioVersion = 10.0.40219.1
Project("{FAE04EC0-301F-11D3-BF4B-00C04F79EFBC}") = "Szorzotabla", "Szorzotabla\Szorzotabla.csproj", "{F5C40CAE-7ED0-4B57-89F8-2DC8283FDF3A}"
EndProject
Project("{FAE04EC0-301F-11D3-BF4B-00C04F79EFBC}") = "Fibonacci", "Fibonacci\Fibonacci.csproj", "{C224ED7D-6DE8-4531-B4AD-DD2A52545A92}"
EndProject
Global
	GlobalSection(SolutionConfigurationPlatforms) = preSolution
		Debug|Any CPU = Debug|Any CPU
		Release|Any CPU = Release|Any CPU
	EndGlobalSection
	GlobalSection(ProjectConfigurationPlatforms) = postSolution
		{F5C40CAE-7ED0-4B57-89F8-2DC8283FDF3A}.Debug|Any CPU.ActiveCfg = Debug|Any CPU
		{F5C40CAE-7ED0-4B57-89F8-2DC8283FDF3A}.Debug|Any CPU.Build.0 = Debug|Any CPU
		{F5C40CAE-7ED0-4B57-89F8-2DC8283FDF3A}.Release|Any CPU.ActiveCfg = Release|Any CPU
		{F5C40CAE-7ED0-4B57-89F8-2DC8283FDF3A}.Release|Any CPU.Build.0 = Release|Any CPU
		{C224ED7D-6DE8-4531-B4AD-DD2A52545A92}.Debug|Any CPU.ActiveCfg = Debug|Any CPU
		{C224ED7D-6DE8-4531-B4AD-DD2A52545A92}.Debug|Any CPU.Build.0 = Debug|Any CPU
		{C224ED7D-6DE8-4531-B4AD-DD2A52545A92}.Release|Any CPU.ActiveCfg = Release|Any CPU
		{C224ED7D-6DE8-4531-B4AD-DD2A52545A92}.Release|Any CPU.Build.0 = Release|Any CPU
	EndGlobalSection
	GlobalSection(SolutionProperties) = preSolution
		HideSolutionNode = FALSE
	EndGlobalSection
	GlobalSection(ExtensibilityGlobals) = postSolution
		SolutionGuid = {0D7EBAB7-1C1C-4B76-B195-0ACB9077DF9D}
	EndGlobalSection
EndGlobal
